PODS:
  - FlutterMacOS (1.0.0)
  - wajuce (0.0.1):
    - FlutterMacOS

DEPENDENCIES:
  - FlutterMacOS (from `Flutter/ephemeral`)
  - wajuce (from `Flutter/ephemeral/.symlinks/plugins/wajuce/macos`)

EXTERNAL SOURCES:
  FlutterMacOS:
    :path: Flutter/ephemeral
  wajuce:
    :path: Flutter/ephemeral/.symlinks/plugins/wajuce/macos

SPEC CHECKSUMS:
  FlutterMacOS: d0db08ddef1a9af05a5ec4b724367152bb0500b1
  wajuce: 9220850d0c9d6d25f37c24da90097184c0ce04e0

PODFILE CHECKSUM: 9ebaf0ce3d369aaa26a9ea0e159195ed94724cf3

COCOAPODS: 1.16.2
